
Microsoft Visual Studio Solution File, Format Version 12.00
# Visual Studio Version 17
VisualStudioVersion = 17.11.35327.3
MinimumVisualStudioVersion = 10.0.40219.1
Project("{FAE04EC0-301F-11D3-BF4B-00C04F79EFBC}") = "FOMRS", "SIST-STOCK\FOMRS.csproj", "{4BCB3BC9-E200-483F-97A7-2A8FC48276A4}"
EndProject
Project("{FAE04EC0-301F-11D3-BF4B-00C04F79EFBC}") = "datos", "datos\datos.csproj", "{95F5D8AD-4497-484F-BA56-D99BB825A81B}"
EndProject
Project("{FAE04EC0-301F-11D3-BF4B-00C04F79EFBC}") = "dominio", "dominio\dominio.csproj", "{52D80986-223C-43D4-9574-CD4911D595E6}"
EndProject
Global
	GlobalSection(SolutionConfigurationPlatforms) = preSolution
		Debug|Any CPU = Debug|Any CPU
		Release|Any CPU = Release|Any CPU
	EndGlobalSection
	GlobalSection(ProjectConfigurationPlatforms) = postSolution
		{4BCB3BC9-E200-483F-97A7-2A8FC48276A4}.Debug|Any CPU.ActiveCfg = Debug|Any CPU
		{4BCB3BC9-E200-483F-97A7-2A8FC48276A4}.Debug|Any CPU.Build.0 = Debug|Any CPU
		{4BCB3BC9-E200-483F-97A7-2A8FC48276A4}.Release|Any CPU.ActiveCfg = Release|Any CPU
		{4BCB3BC9-E200-483F-97A7-2A8FC48276A4}.Release|Any CPU.Build.0 = Release|Any CPU
		{95F5D8AD-4497-484F-BA56-D99BB825A81B}.Debug|Any CPU.ActiveCfg = Debug|Any CPU
		{95F5D8AD-4497-484F-BA56-D99BB825A81B}.Debug|Any CPU.Build.0 = Debug|Any CPU
		{95F5D8AD-4497-484F-BA56-D99BB825A81B}.Release|Any CPU.ActiveCfg = Release|Any CPU
		{95F5D8AD-4497-484F-BA56-D99BB825A81B}.Release|Any CPU.Build.0 = Release|Any CPU
		{52D80986-223C-43D4-9574-CD4911D595E6}.Debug|Any CPU.ActiveCfg = Debug|Any CPU
		{52D80986-223C-43D4-9574-CD4911D595E6}.Debug|Any CPU.Build.0 = Debug|Any CPU
		{52D80986-223C-43D4-9574-CD4911D595E6}.Release|Any CPU.ActiveCfg = Release|Any CPU
		{52D80986-223C-43D4-9574-CD4911D595E6}.Release|Any CPU.Build.0 = Release|Any CPU
	EndGlobalSection
	GlobalSection(SolutionProperties) = preSolution
		HideSolutionNode = FALSE
	EndGlobalSection
	GlobalSection(ExtensibilityGlobals) = postSolution
		SolutionGuid = {4F5DF54C-3924-4240-98B6-DD1E6042D484}
	EndGlobalSection
EndGlobal
